
Microsoft Visual Studio Solution File, Format Version 12.00
# Visual Studio 15
VisualStudioVersion = 15.0.27130.2027
MinimumVisualStudioVersion = 10.0.40219.1
Project("{FAE04EC0-301F-11D3-BF4B-00C04F79EFBC}") = "CurrencyExchangeTests", "test\CurrencyExchangeTests\CurrencyExchangeTests.csproj", "{8A27AB6F-234F-4A23-B5AA-E53A7BDA4A43}"
EndProject
Project("{9A19103F-16F7-4668-BE54-9A1E7A4F7556}") = "CurrencyExchange", "src\CurrencyExchange\CurrencyExchange.csproj", "{ACAB8668-AAC9-4D5E-B916-C867502F2FB7}"
EndProject
Project("{FAE04EC0-301F-11D3-BF4B-00C04F79EFBC}") = "ConsoleApp", "src\ConsoleApp\ConsoleApp.csproj", "{BEF745AB-4D8F-45F6-A34D-C7D17A0EC459}"
EndProject
Global
	GlobalSection(SolutionConfigurationPlatforms) = preSolution
		Debug|Any CPU = Debug|Any CPU
		Release|Any CPU = Release|Any CPU
	EndGlobalSection
	GlobalSection(ProjectConfigurationPlatforms) = postSolution
		{8A27AB6F-234F-4A23-B5AA-E53A7BDA4A43}.Debug|Any CPU.ActiveCfg = Debug|Any CPU
		{8A27AB6F-234F-4A23-B5AA-E53A7BDA4A43}.Debug|Any CPU.Build.0 = Debug|Any CPU
		{8A27AB6F-234F-4A23-B5AA-E53A7BDA4A43}.Release|Any CPU.ActiveCfg = Release|Any CPU
		{8A27AB6F-234F-4A23-B5AA-E53A7BDA4A43}.Release|Any CPU.Build.0 = Release|Any CPU
		{ACAB8668-AAC9-4D5E-B916-C867502F2FB7}.Debug|Any CPU.ActiveCfg = Debug|Any CPU
		{ACAB8668-AAC9-4D5E-B916-C867502F2FB7}.Debug|Any CPU.Build.0 = Debug|Any CPU
		{ACAB8668-AAC9-4D5E-B916-C867502F2FB7}.Release|Any CPU.ActiveCfg = Release|Any CPU
		{ACAB8668-AAC9-4D5E-B916-C867502F2FB7}.Release|Any CPU.Build.0 = Release|Any CPU
		{BEF745AB-4D8F-45F6-A34D-C7D17A0EC459}.Debug|Any CPU.ActiveCfg = Debug|Any CPU
		{BEF745AB-4D8F-45F6-A34D-C7D17A0EC459}.Debug|Any CPU.Build.0 = Debug|Any CPU
		{BEF745AB-4D8F-45F6-A34D-C7D17A0EC459}.Release|Any CPU.ActiveCfg = Release|Any CPU
		{BEF745AB-4D8F-45F6-A34D-C7D17A0EC459}.Release|Any CPU.Build.0 = Release|Any CPU
	EndGlobalSection
	GlobalSection(SolutionProperties) = preSolution
		HideSolutionNode = FALSE
	EndGlobalSection
	GlobalSection(ExtensibilityGlobals) = postSolution
		SolutionGuid = {21D145B4-8B63-4297-9B76-491C8EB36B75}
	EndGlobalSection
EndGlobal
